{
  "name": "ptm",
  "version": "1.0.0",
  "lockfileVersion": 3,
  "requires": true,
  "packages": {
    "": {
      "name": "ptm",
      "version": "1.0.0",
      "license": "ISC",
      "dependencies": {
        "@phothinmaung/resolves": "^1.0.0",
        "ptimage": "^0.0.2"
      },
      "devDependencies": {
        "@types/node": "^25.3.5",
        "typescript": "^5.9.3"
      }
    },
    "node_modules/@imagemagick/magick-wasm": {
      "version": "0.0.38",
      "resolved": "https://registry.npmjs.org/@imagemagick/magick-wasm/-/magick-wasm-0.0.38.tgz",
      "integrity": "sha512-xg3q6ZMqUADyyy0h/1IndT9DUWUXY5lRhevF2WB+AYvphJ5yraH+R0IGO7H7DFnLSMrJ6zsxEbXfOnhNfark9w==",
      "license": "Apache-2.0"
    },
    "node_modules/@phothinmaung/resolves": {
      "version": "1.0.0",
      "resolved": "https://registry.npmjs.org/@phothinmaung/resolves/-/resolves-1.0.0.tgz",
      "integrity": "sha512-RFpmYfV8x6tA83UX+dMJ5nwwvjMt5ZTiUfNJSwK+eKEnv4Fu30Uzn2Nr53mat1AeuKpMndi5eTUtbab5Z1ZhaA==",
      "license": "ISC"
    },
    "node_modules/@types/node": {
      "version": "25.3.5",
      "resolved": "https://registry.npmjs.org/@types/node/-/node-25.3.5.tgz",
      "integrity": "sha512-oX8xrhvpiyRCQkG1MFchB09f+cXftgIXb3a7UUa4Y3wpmZPw5tyZGTLWhlESOLq1Rq6oDlc8npVU2/9xiCuXMA==",
      "dev": true,
      "license": "MIT",
      "dependencies": {
        "undici-types": "~7.18.0"
      }
    },
    "node_modules/ptimage": {
      "version": "0.0.2",
      "resolved": "https://registry.npmjs.org/ptimage/-/ptimage-0.0.2.tgz",
      "integrity": "sha512-UVw98sYk/z3wUfDty5o/kmlUfIFh677+mD4wHYoBhhjRfUpj2iepQdyfz+eAhvpE2F0MN6hW3KIZxUOBP3UHjw==",
      "license": "ISC",
      "dependencies": {
        "@imagemagick/magick-wasm": "^0.0.38"
      }
    },
    "node_modules/typescript": {
      "version": "5.9.3",
      "resolved": "https://registry.npmjs.org/typescript/-/typescript-5.9.3.tgz",
      "integrity": "sha512-jl1vZzPDinLr9eUt3J/t7V6FgNEw9QjvBPdysz9KfQDD41fQrC2Y4vKQdiaUpFT4bXlb1RHhLpp8wtm6M5TgSw==",
      "dev": true,
      "license": "Apache-2.0",
      "bin": {
        "tsc": "bin/tsc",
        "tsserver": "bin/tsserver"
      },
      "engines": {
        "node": ">=14.17"
      }
    },
    "node_modules/undici-types": {
      "version": "7.18.2",
      "resolved": "https://registry.npmjs.org/undici-types/-/undici-types-7.18.2.tgz",
      "integrity": "sha512-AsuCzffGHJybSaRrmr5eHr81mwJU3kjw6M+uprWvCXiNeN9SOGwQ3Jn8jb8m3Z6izVgknn1R0FTCEAP2QrLY/w==",
      "dev": true,
      "license": "MIT"
    }
  }
}
